schema: '2.0'
stages:
  stage_01:
    cmd: python stage_01.py
    deps:
    - path: stage_01.py
      md5: 852660e0b4c14b5be2384bcaf85f2c77
      size: 179
    outs:
    - path: artifacts01.txt
      md5: f5c6733f23a158d2cd9026e1a7844aac
      size: 43
  stage_02:
    cmd: python stage_02.py
    deps:
    - path: artifacts01.txt
      md5: f5c6733f23a158d2cd9026e1a7844aac
      size: 43
    - path: stage_02.py
      md5: 3c276415624ed4de22b39b89b3da0d17
      size: 75
  stage_03:
    cmd: python stage_03.py
    deps:
    - path: artifacts01.txt
      md5: f5c6733f23a158d2cd9026e1a7844aac
      size: 43
    - path: stage_03.py
      md5: f5bb3cb379b18fc799ba8537ab9252a1
      size: 189
    outs:
    - path: artifacts02.txt
      md5: ebd5f8fcd9368d4ab134a1de8f5f66aa
      size: 55
